
Microsoft Visual Studio Solution File, Format Version 12.00
Project("{FAE04EC0-301F-11D3-BF4B-00C04F79EFBC}") = "Crystal.WebApi", "src\WebApi\Crystal.WebApi.csproj", "{E4250B28-4732-45E7-B0AC-03DB7C1562F6}"
EndProject
Project("{FAE04EC0-301F-11D3-BF4B-00C04F79EFBC}") = "Client.React", "src\Client.React\Client.React.csproj", "{6D3CC5BE-3672-49D1-9E2E-A72E3981DE44}"
EndProject
Project("{2150E333-8FDC-42A3-9474-1A3956D46DE8}") = "src", "src", "{827E0CD3-B72D-47B6-A68D-7590B98EB39B}"
EndProject
Project("{FAE04EC0-301F-11D3-BF4B-00C04F79EFBC}") = "Crystal.Core", "src\Crystal.Core\Crystal.Core.csproj", "{00B7B1DC-E421-4B70-901C-4EB82E03AAEA}"
EndProject
Global
	GlobalSection(SolutionConfigurationPlatforms) = preSolution
		Debug|Any CPU = Debug|Any CPU
		Debug|x64 = Debug|x64
		Debug|x86 = Debug|x86
		Release|Any CPU = Release|Any CPU
		Release|x64 = Release|x64
		Release|x86 = Release|x86
	EndGlobalSection
	GlobalSection(ProjectConfigurationPlatforms) = postSolution
		{E4250B28-4732-45E7-B0AC-03DB7C1562F6}.Debug|Any CPU.ActiveCfg = Debug|Any CPU
		{E4250B28-4732-45E7-B0AC-03DB7C1562F6}.Debug|Any CPU.Build.0 = Debug|Any CPU
		{E4250B28-4732-45E7-B0AC-03DB7C1562F6}.Debug|x64.ActiveCfg = Debug|Any CPU
		{E4250B28-4732-45E7-B0AC-03DB7C1562F6}.Debug|x64.Build.0 = Debug|Any CPU
		{E4250B28-4732-45E7-B0AC-03DB7C1562F6}.Debug|x86.ActiveCfg = Debug|Any CPU
		{E4250B28-4732-45E7-B0AC-03DB7C1562F6}.Debug|x86.Build.0 = Debug|Any CPU
		{E4250B28-4732-45E7-B0AC-03DB7C1562F6}.Release|Any CPU.ActiveCfg = Release|Any CPU
		{E4250B28-4732-45E7-B0AC-03DB7C1562F6}.Release|Any CPU.Build.0 = Release|Any CPU
		{E4250B28-4732-45E7-B0AC-03DB7C1562F6}.Release|x64.ActiveCfg = Release|Any CPU
		{E4250B28-4732-45E7-B0AC-03DB7C1562F6}.Release|x64.Build.0 = Release|Any CPU
		{E4250B28-4732-45E7-B0AC-03DB7C1562F6}.Release|x86.ActiveCfg = Release|Any CPU
		{E4250B28-4732-45E7-B0AC-03DB7C1562F6}.Release|x86.Build.0 = Release|Any CPU
		{6D3CC5BE-3672-49D1-9E2E-A72E3981DE44}.Debug|Any CPU.ActiveCfg = Debug|Any CPU
		{6D3CC5BE-3672-49D1-9E2E-A72E3981DE44}.Debug|Any CPU.Build.0 = Debug|Any CPU
		{6D3CC5BE-3672-49D1-9E2E-A72E3981DE44}.Debug|x64.ActiveCfg = Debug|Any CPU
		{6D3CC5BE-3672-49D1-9E2E-A72E3981DE44}.Debug|x64.Build.0 = Debug|Any CPU
		{6D3CC5BE-3672-49D1-9E2E-A72E3981DE44}.Debug|x86.ActiveCfg = Debug|Any CPU
		{6D3CC5BE-3672-49D1-9E2E-A72E3981DE44}.Debug|x86.Build.0 = Debug|Any CPU
		{6D3CC5BE-3672-49D1-9E2E-A72E3981DE44}.Release|Any CPU.ActiveCfg = Release|Any CPU
		{6D3CC5BE-3672-49D1-9E2E-A72E3981DE44}.Release|Any CPU.Build.0 = Release|Any CPU
		{6D3CC5BE-3672-49D1-9E2E-A72E3981DE44}.Release|x64.ActiveCfg = Release|Any CPU
		{6D3CC5BE-3672-49D1-9E2E-A72E3981DE44}.Release|x64.Build.0 = Release|Any CPU
		{6D3CC5BE-3672-49D1-9E2E-A72E3981DE44}.Release|x86.ActiveCfg = Release|Any CPU
		{6D3CC5BE-3672-49D1-9E2E-A72E3981DE44}.Release|x86.Build.0 = Release|Any CPU
		{00B7B1DC-E421-4B70-901C-4EB82E03AAEA}.Debug|Any CPU.ActiveCfg = Debug|Any CPU
		{00B7B1DC-E421-4B70-901C-4EB82E03AAEA}.Debug|Any CPU.Build.0 = Debug|Any CPU
		{00B7B1DC-E421-4B70-901C-4EB82E03AAEA}.Debug|x64.ActiveCfg = Debug|Any CPU
		{00B7B1DC-E421-4B70-901C-4EB82E03AAEA}.Debug|x64.Build.0 = Debug|Any CPU
		{00B7B1DC-E421-4B70-901C-4EB82E03AAEA}.Debug|x86.ActiveCfg = Debug|Any CPU
		{00B7B1DC-E421-4B70-901C-4EB82E03AAEA}.Debug|x86.Build.0 = Debug|Any CPU
		{00B7B1DC-E421-4B70-901C-4EB82E03AAEA}.Release|Any CPU.ActiveCfg = Release|Any CPU
		{00B7B1DC-E421-4B70-901C-4EB82E03AAEA}.Release|Any CPU.Build.0 = Release|Any CPU
		{00B7B1DC-E421-4B70-901C-4EB82E03AAEA}.Release|x64.ActiveCfg = Release|Any CPU
		{00B7B1DC-E421-4B70-901C-4EB82E03AAEA}.Release|x64.Build.0 = Release|Any CPU
		{00B7B1DC-E421-4B70-901C-4EB82E03AAEA}.Release|x86.ActiveCfg = Release|Any CPU
		{00B7B1DC-E421-4B70-901C-4EB82E03AAEA}.Release|x86.Build.0 = Release|Any CPU
	EndGlobalSection
	GlobalSection(SolutionProperties) = preSolution
		HideSolutionNode = FALSE
	EndGlobalSection
	GlobalSection(NestedProjects) = preSolution
		{E4250B28-4732-45E7-B0AC-03DB7C1562F6} = {827E0CD3-B72D-47B6-A68D-7590B98EB39B}
		{6D3CC5BE-3672-49D1-9E2E-A72E3981DE44} = {827E0CD3-B72D-47B6-A68D-7590B98EB39B}
		{00B7B1DC-E421-4B70-901C-4EB82E03AAEA} = {827E0CD3-B72D-47B6-A68D-7590B98EB39B}
	EndGlobalSection
EndGlobal
