
Microsoft Visual Studio Solution File, Format Version 12.00
Project("{FAE04EC0-301F-11D3-BF4B-00C04F79EFBC}") = "Crystal.WebApi", "src\Crystal.WebApi\Crystal.WebApi.csproj", "{E4250B28-4732-45E7-B0AC-03DB7C1562F6}"
EndProject
Project("{FAE04EC0-301F-11D3-BF4B-00C04F79EFBC}") = "Client.React", "src\Client.React\Client.React.csproj", "{6D3CC5BE-3672-49D1-9E2E-A72E3981DE44}"
EndProject
Project("{2150E333-8FDC-42A3-9474-1A3956D46DE8}") = "src", "src", "{827E0CD3-B72D-47B6-A68D-7590B98EB39B}"
EndProject
Project("{FAE04EC0-301F-11D3-BF4B-00C04F79EFBC}") = "Crystal.Core", "src\Crystal.Core\Crystal.Core.csproj", "{CF055D59-3E86-4959-B079-36A2883B9DF3}"
EndProject
Project("{FAE04EC0-301F-11D3-BF4B-00C04F79EFBC}") = "Crystal.EntityFrameworkCore", "src\Crystal.EntityFrameworkCore\Crystal.EntityFrameworkCore.csproj", "{2A8CAA5E-3FC3-4517-97F0-6A38144274D3}"
EndProject
Project("{FAE04EC0-301F-11D3-BF4B-00C04F79EFBC}") = "Crystal.FluentEmail", "src\Crystal.FluentEmail\Crystal.FluentEmail.csproj", "{3C6DF58F-A5F1-4E9C-B4F3-D062BC14FECD}"
EndProject
Global
	GlobalSection(SolutionConfigurationPlatforms) = preSolution
		Debug|Any CPU = Debug|Any CPU
		Debug|x64 = Debug|x64
		Debug|x86 = Debug|x86
		Release|Any CPU = Release|Any CPU
		Release|x64 = Release|x64
		Release|x86 = Release|x86
	EndGlobalSection
	GlobalSection(ProjectConfigurationPlatforms) = postSolution
		{E4250B28-4732-45E7-B0AC-03DB7C1562F6}.Debug|Any CPU.ActiveCfg = Debug|Any CPU
		{E4250B28-4732-45E7-B0AC-03DB7C1562F6}.Debug|Any CPU.Build.0 = Debug|Any CPU
		{E4250B28-4732-45E7-B0AC-03DB7C1562F6}.Debug|x64.ActiveCfg = Debug|Any CPU
		{E4250B28-4732-45E7-B0AC-03DB7C1562F6}.Debug|x64.Build.0 = Debug|Any CPU
		{E4250B28-4732-45E7-B0AC-03DB7C1562F6}.Debug|x86.ActiveCfg = Debug|Any CPU
		{E4250B28-4732-45E7-B0AC-03DB7C1562F6}.Debug|x86.Build.0 = Debug|Any CPU
		{E4250B28-4732-45E7-B0AC-03DB7C1562F6}.Release|Any CPU.ActiveCfg = Release|Any CPU
		{E4250B28-4732-45E7-B0AC-03DB7C1562F6}.Release|Any CPU.Build.0 = Release|Any CPU
		{E4250B28-4732-45E7-B0AC-03DB7C1562F6}.Release|x64.ActiveCfg = Release|Any CPU
		{E4250B28-4732-45E7-B0AC-03DB7C1562F6}.Release|x64.Build.0 = Release|Any CPU
		{E4250B28-4732-45E7-B0AC-03DB7C1562F6}.Release|x86.ActiveCfg = Release|Any CPU
		{E4250B28-4732-45E7-B0AC-03DB7C1562F6}.Release|x86.Build.0 = Release|Any CPU
		{6D3CC5BE-3672-49D1-9E2E-A72E3981DE44}.Debug|Any CPU.ActiveCfg = Debug|Any CPU
		{6D3CC5BE-3672-49D1-9E2E-A72E3981DE44}.Debug|Any CPU.Build.0 = Debug|Any CPU
		{6D3CC5BE-3672-49D1-9E2E-A72E3981DE44}.Debug|x64.ActiveCfg = Debug|Any CPU
		{6D3CC5BE-3672-49D1-9E2E-A72E3981DE44}.Debug|x64.Build.0 = Debug|Any CPU
		{6D3CC5BE-3672-49D1-9E2E-A72E3981DE44}.Debug|x86.ActiveCfg = Debug|Any CPU
		{6D3CC5BE-3672-49D1-9E2E-A72E3981DE44}.Debug|x86.Build.0 = Debug|Any CPU
		{6D3CC5BE-3672-49D1-9E2E-A72E3981DE44}.Release|Any CPU.ActiveCfg = Release|Any CPU
		{6D3CC5BE-3672-49D1-9E2E-A72E3981DE44}.Release|Any CPU.Build.0 = Release|Any CPU
		{6D3CC5BE-3672-49D1-9E2E-A72E3981DE44}.Release|x64.ActiveCfg = Release|Any CPU
		{6D3CC5BE-3672-49D1-9E2E-A72E3981DE44}.Release|x64.Build.0 = Release|Any CPU
		{6D3CC5BE-3672-49D1-9E2E-A72E3981DE44}.Release|x86.ActiveCfg = Release|Any CPU
		{6D3CC5BE-3672-49D1-9E2E-A72E3981DE44}.Release|x86.Build.0 = Release|Any CPU
		{CF055D59-3E86-4959-B079-36A2883B9DF3}.Debug|Any CPU.ActiveCfg = Debug|Any CPU
		{CF055D59-3E86-4959-B079-36A2883B9DF3}.Debug|Any CPU.Build.0 = Debug|Any CPU
		{CF055D59-3E86-4959-B079-36A2883B9DF3}.Debug|x64.ActiveCfg = Debug|Any CPU
		{CF055D59-3E86-4959-B079-36A2883B9DF3}.Debug|x64.Build.0 = Debug|Any CPU
		{CF055D59-3E86-4959-B079-36A2883B9DF3}.Debug|x86.ActiveCfg = Debug|Any CPU
		{CF055D59-3E86-4959-B079-36A2883B9DF3}.Debug|x86.Build.0 = Debug|Any CPU
		{CF055D59-3E86-4959-B079-36A2883B9DF3}.Release|Any CPU.ActiveCfg = Release|Any CPU
		{CF055D59-3E86-4959-B079-36A2883B9DF3}.Release|Any CPU.Build.0 = Release|Any CPU
		{CF055D59-3E86-4959-B079-36A2883B9DF3}.Release|x64.ActiveCfg = Release|Any CPU
		{CF055D59-3E86-4959-B079-36A2883B9DF3}.Release|x64.Build.0 = Release|Any CPU
		{CF055D59-3E86-4959-B079-36A2883B9DF3}.Release|x86.ActiveCfg = Release|Any CPU
		{CF055D59-3E86-4959-B079-36A2883B9DF3}.Release|x86.Build.0 = Release|Any CPU
		{2A8CAA5E-3FC3-4517-97F0-6A38144274D3}.Debug|Any CPU.ActiveCfg = Debug|Any CPU
		{2A8CAA5E-3FC3-4517-97F0-6A38144274D3}.Debug|Any CPU.Build.0 = Debug|Any CPU
		{2A8CAA5E-3FC3-4517-97F0-6A38144274D3}.Debug|x64.ActiveCfg = Debug|Any CPU
		{2A8CAA5E-3FC3-4517-97F0-6A38144274D3}.Debug|x64.Build.0 = Debug|Any CPU
		{2A8CAA5E-3FC3-4517-97F0-6A38144274D3}.Debug|x86.ActiveCfg = Debug|Any CPU
		{2A8CAA5E-3FC3-4517-97F0-6A38144274D3}.Debug|x86.Build.0 = Debug|Any CPU
		{2A8CAA5E-3FC3-4517-97F0-6A38144274D3}.Release|Any CPU.ActiveCfg = Release|Any CPU
		{2A8CAA5E-3FC3-4517-97F0-6A38144274D3}.Release|Any CPU.Build.0 = Release|Any CPU
		{2A8CAA5E-3FC3-4517-97F0-6A38144274D3}.Release|x64.ActiveCfg = Release|Any CPU
		{2A8CAA5E-3FC3-4517-97F0-6A38144274D3}.Release|x64.Build.0 = Release|Any CPU
		{2A8CAA5E-3FC3-4517-97F0-6A38144274D3}.Release|x86.ActiveCfg = Release|Any CPU
		{2A8CAA5E-3FC3-4517-97F0-6A38144274D3}.Release|x86.Build.0 = Release|Any CPU
		{3C6DF58F-A5F1-4E9C-B4F3-D062BC14FECD}.Debug|Any CPU.ActiveCfg = Debug|Any CPU
		{3C6DF58F-A5F1-4E9C-B4F3-D062BC14FECD}.Debug|Any CPU.Build.0 = Debug|Any CPU
		{3C6DF58F-A5F1-4E9C-B4F3-D062BC14FECD}.Debug|x64.ActiveCfg = Debug|Any CPU
		{3C6DF58F-A5F1-4E9C-B4F3-D062BC14FECD}.Debug|x64.Build.0 = Debug|Any CPU
		{3C6DF58F-A5F1-4E9C-B4F3-D062BC14FECD}.Debug|x86.ActiveCfg = Debug|Any CPU
		{3C6DF58F-A5F1-4E9C-B4F3-D062BC14FECD}.Debug|x86.Build.0 = Debug|Any CPU
		{3C6DF58F-A5F1-4E9C-B4F3-D062BC14FECD}.Release|Any CPU.ActiveCfg = Release|Any CPU
		{3C6DF58F-A5F1-4E9C-B4F3-D062BC14FECD}.Release|Any CPU.Build.0 = Release|Any CPU
		{3C6DF58F-A5F1-4E9C-B4F3-D062BC14FECD}.Release|x64.ActiveCfg = Release|Any CPU
		{3C6DF58F-A5F1-4E9C-B4F3-D062BC14FECD}.Release|x64.Build.0 = Release|Any CPU
		{3C6DF58F-A5F1-4E9C-B4F3-D062BC14FECD}.Release|x86.ActiveCfg = Release|Any CPU
		{3C6DF58F-A5F1-4E9C-B4F3-D062BC14FECD}.Release|x86.Build.0 = Release|Any CPU
	EndGlobalSection
	GlobalSection(SolutionProperties) = preSolution
		HideSolutionNode = FALSE
	EndGlobalSection
	GlobalSection(NestedProjects) = preSolution
		{E4250B28-4732-45E7-B0AC-03DB7C1562F6} = {827E0CD3-B72D-47B6-A68D-7590B98EB39B}
		{6D3CC5BE-3672-49D1-9E2E-A72E3981DE44} = {827E0CD3-B72D-47B6-A68D-7590B98EB39B}
		{CF055D59-3E86-4959-B079-36A2883B9DF3} = {827E0CD3-B72D-47B6-A68D-7590B98EB39B}
		{2A8CAA5E-3FC3-4517-97F0-6A38144274D3} = {827E0CD3-B72D-47B6-A68D-7590B98EB39B}
		{3C6DF58F-A5F1-4E9C-B4F3-D062BC14FECD} = {827E0CD3-B72D-47B6-A68D-7590B98EB39B}
	EndGlobalSection
EndGlobal
